# This file was autogenerated by uv via the following command:
#    uv pip compile backend/requirements-dev.txt --python /tmp/landsight-backend-venv/bin/python --constraint backend/requirements.lock --generate-hashes --output-file backend/requirements.lock --no-emit-index-url
annotated-doc==0.0.5 \
    --hash=sha256:117bac03a25ede5df5440e855b32d556049ca169ead221505badf432fed4b101 \
    --hash=sha256:c7e58ce09192557605d8bbd92836d7e1d520ac9580096042c0bfd197efacf1bb
    # via
    #   -c backend/requirements.lock
    #   fastapi
annotated-types==0.8.0 \
    --hash=sha256:13b2beaad985e05e2d6407ee4c4f35590b11f8d693a258a561055cac8f64cab7 \
    --hash=sha256:f072f4d804ea359e4eaf198b1af7a8b0943881a87f31bb764f8bf219bb9419e0
    # via
    #   -c backend/requirements.lock
    #   pydantic
anyio==4.15.1 \
    --hash=sha256:6152fdbbf9a77fdec97731721bebf7c4c44f7c29b424b0065826173efc7ed101 \
    --hash=sha256:9f28306018cbd6d329e64a36d58256edff76dd996fe423bc957326e578b82a94
    # via
    #   -c backend/requirements.lock
    #   httpx
    #   starlette
certifi==2026.7.22 \
    --hash=sha256:62f22742b58a1a33014a2b6b706588a8d7e2a88ae7bd1a6ebe8c992928483775 \
    --hash=sha256:741e2c3b351ddf169a738da9f2c048608ff7f2c5cc02f1ebc6b118bb090d5d55
    # via
    #   -c backend/requirements.lock
    #   httpcore
    #   httpx
click==8.5.0 \
    --hash=sha256:255bc9599cf7748b4b1a446ccc735421bd08a2ae529a8b88597d3de5664ee360 \
    --hash=sha256:ba0d2089de75ea0310e2dde03160e6ca10009947fb95a182f9b54021bb272e34
    # via
    #   -c backend/requirements.lock
    #   uvicorn
cloudpickle==3.1.2 \
    --hash=sha256:7fda9eb655c9c230dab534f1983763de5835249750e85fbcef43aaa30a9a2414 \
    --hash=sha256:9acb47f6afd73f60dc1df93bb801b472f05ff42fa6c84167d25cb206be1fbf4a
    # via
    #   -c backend/requirements.lock
    #   joblib
    #   shap
fastapi==0.141.1 \
    --hash=sha256:bfb91aa2d334c61cb35ba9a116fc123b3d3df31640b801cf57a7a78ec3f603b3 \
    --hash=sha256:e8822fc40db1e1858054d7a949a888695bc9bdce70139178e33bd2871a453ca1
    # via
    #   -c backend/requirements.lock
    #   -r backend/requirements.txt
h11==0.16.0 \
    --hash=sha256:4e35b956cf45792e4caa5885e69fba00bdbc6ffafbfa020300e549b208ee5ff1 \
    --hash=sha256:63cf8bbe7522de3bf65932fda1d9c2772064ffb3dae62d55932da54b31cb6c86
    # via
    #   -c backend/requirements.lock
    #   httpcore
    #   uvicorn
httpcore==1.0.9 \
    --hash=sha256:2d400746a40668fc9dec9810239072b40b4484b640a8c38fd654a024c7a1bf55 \
    --hash=sha256:6e34463af53fd2ab5d807f399a9b45ea31c3dfa2276f15a2c3f00afff6e176e8
    # via
    #   -c backend/requirements.lock
    #   httpx
httpx==0.28.1 \
    --hash=sha256:75e98c5f16b0f35b567856f597f06ff2270a374470a5c2392242528e3e3e42fc \
    --hash=sha256:d909fcccc110f8c7faf814ca82a9a4d816bc5a6dbfea25d6591d6985b8ba59ad
    # via
    #   -c backend/requirements.lock
    #   -r backend/requirements-dev.txt
idna==3.19 \
    --hash=sha256:5e0811a4383b21dc5838069f801c4fb62113b7447663d2530d2bd6e77b49bf15 \
    --hash=sha256:815e7be7a7806d54abb586dc943addc79e8b2ee16915059658cbeff4b1b43bf4
    # via
    #   -c backend/requirements.lock
    #   anyio
    #   httpx
joblib==1.6.0 \
    --hash=sha256:2ccc96785b12046c08fd6d55839c12857831b54a3c1673ffadd2f04bfc4eda03 \
    --hash=sha256:3dbbf9f6e4b592a2357b854608e980fe6390d131d7a82f011a377ef2ebef7aba
    # via
    #   -c backend/requirements.lock
    #   -r backend/requirements.txt
    #   scikit-learn
llvmlite==0.49.0 \
    --hash=sha256:00f16db782f4a13c78c5804aedc434e46794a77e89999a168f9401106270e50a \
    --hash=sha256:039fa4054a06f537fb39248d4472284ca96be311a142ec09e69f95630ab469cc \
    --hash=sha256:20496a5c9fdb8179fb9300e7d19f6782555d98aeeb4a322264aa7fd99f980618 \
    --hash=sha256:294e2f0b70aef8f92d0ae7b203e2609f08beb39437eee73de59a21669331aae9 \
    --hash=sha256:3a9c9e3af4e214acfefa4f73ebe7bc3fb35854a62b654edb3953f5ae33c08ba3 \
    --hash=sha256:4281a0171d66d2098adce4ba706b8c550b1b10718650f682d64cde16e84e4de5 \
    --hash=sha256:4b0e710880b7cc910392bd6b9f1bbf468fed99b182e4420d51598f36114b3dce \
    --hash=sha256:4ec8ad805e7515cb8440a690eb3cef4d34acb29eef80b705ec4e1c1ad3c43c68 \
    --hash=sha256:6a5b06c1b5fc4ae4c9b169b065f42b719448ef1f873687ef224ef69969b75ec3 \
    --hash=sha256:6acba646d88abbc87d5c113a3d62c1fbf8b8fee11c6493f516803e30f21ae870 \
    --hash=sha256:80a84683d04516bb51da1bbeebddaf2c2f558809c93078a8f91807909ae331f8 \
    --hash=sha256:854941c2267fd4fc5b2ce02b8af8ecdffa79fb7784591d3a89370322039ea09f \
    --hash=sha256:95d1071023ed858b79f6971954fd7cc1f5dbcbab987718a4ccbe1411e47d0b81 \
    --hash=sha256:a1b414dc6b164738ec39dd8987cea73829057b7dd92fc6d91b52838385fc1dd2 \
    --hash=sha256:a8c0fc9d624bdc30a3d2db11eb2fb98f80fb209d20b37604eda516cd9b699cf4 \
    --hash=sha256:b095f15fb12c4d90495df5b1a3772b4732cc408398b204a787dbedd370e09c69 \
    --hash=sha256:b352c14353330c879e339b8f8d7491d565fe94242697714a24e80bd757202384 \
    --hash=sha256:b541c8fac3450db7574d1f53cf9dff83f285bfed9d69bf81fe71fc2a7d4f97fe \
    --hash=sha256:be637e465010bc9c50f070468f7f1cf5385e92fee364d192dd5e6cea790ecba9 \
    --hash=sha256:d3dee64784201b64c13a8df62c48a4f4218858faaa65889866bb29bdc243c038 \
    --hash=sha256:d5555ea1d63928481cbf7fcb1d67452b216c7e5b393a4eb7aa1401e67f2a4fc4 \
    --hash=sha256:da7b64474ac15ca595efa2644d5c6836638ccf70709fad3aba3fc56a55966928 \
    --hash=sha256:ddc7aecd4f56397ed6e8f120ec5dcd5a1a8f0e6032ca4af413462792d4dca2e3 \
    --hash=sha256:e32adb84fdaae28aeb86fdb6253084ee707ee157289a2e98fe3caf48a62bee82 \
    --hash=sha256:ee81e96c15a6f870918f1eb60c913551c16aa23defb4f5f1acfa660d6a0aaac2 \
    --hash=sha256:f3f2ff0aeb17d34fcce9f79b99baac441cfd3efa41b83e233ca4530a72381f72
    # via
    #   numba
    #   shap
narwhals==2.26.0 \
    --hash=sha256:29326d74f107c347fd1009bd58e38d9f7c7c5b51e6de97bc93dbc325d9038b54 \
    --hash=sha256:6b9cadca82f375c7e4cf584fdc86ca25da54827307a9c58f94547ee6104b82dd
    # via
    #   -c backend/requirements.lock
    #   scikit-learn
numba==0.67.0 \
    --hash=sha256:00c964a5b94d3ae82d83ac162cd610755875b98dadb779fdde06e6bfcdbca47e \
    --hash=sha256:3fa3d1b27f96f2c0d54513d953d7197886aa1eaa7d2439a0eedc44d993fb181a \
    --hash=sha256:4a2ed006635bbd0fe45681ed49f3b4f4bad1abf0c233bcc5842c9e3a34cabd61 \
    --hash=sha256:4d576e62bf2c9370f61312b51573c4bb1f3fe96798bbab56730847a368a316c4 \
    --hash=sha256:50e2b72406c18cda5dd7431b0082cb85ea94e06c64c33607248fc8bef92cfb81 \
    --hash=sha256:5269245a675abdd3e2c35ec6bb2f250355effa9032514d8f2354f0d2d10854bd \
    --hash=sha256:6004d8d5f28d4028687fb2d972d629295b13685943bd2ed5cd8810c3b848e219 \
    --hash=sha256:694c81c6560b2b47e5fc1dc39c29175b907adf862d9af0af801453400a022a61 \
    --hash=sha256:76d3335aaeffb9dc88309420890e73497a00be08a7530441bc2b58ffe025bfa5 \
    --hash=sha256:77e1c7173fee57a0d84e006c7e70346689d6cb3e7db503489bae58646b4eff7b \
    --hash=sha256:7930748ce8355d2a5a28602abab056a61fdc676d17377f27d17993905428171f \
    --hash=sha256:83ab968b0e0fa744eba03351282dd8000796e6ec8e4518f47bd3ed86c0a20c7b \
    --hash=sha256:88f6e0f5cb6c545e158b6ef0496c01b6d6958a7ccc6634a1576a94bbbab29ff2 \
    --hash=sha256:8c0e88acd4341ddf40779db3c0228b9188aca7fcab5f5f3ce9949a1fc71e9a02 \
    --hash=sha256:8c80c847301dc33dc8f84a97a952004023d9a05578ae4512b087176264cc1960 \
    --hash=sha256:9c4953387c77864b596d8296e2cfbdef82b0eea4166ab4864b05d226c51143e0 \
    --hash=sha256:aa5f002f665bec321b950dacaa26ee009e1d720f6ac9d9856eed5efe1caa03a6 \
    --hash=sha256:b68ad5125fe245339cc8dcc036081fc1ea482c5063387b9612a76ccd83dc91cd \
    --hash=sha256:cd75aa535b33fa05d9d930b1ae8af9f97a2881e96d72dfb38ec9b78284d9f851 \
    --hash=sha256:cfba1ac34f0363fb1a250a10e97240780d11e05227892f7286b26fbfd0ad58ce \
    --hash=sha256:d6c8e9ba3f9602471e8c6f563ffcce8db8046741f0bafb782a052e41dc6b6861 \
    --hash=sha256:e7a7b0121466f1e9a8a074b0545fe90e16389623abf979b5d7c299dca1294d7e \
    --hash=sha256:ed333e0af4386294e7f03e550e01411856b6935e717d859225e0a7338c6b6795 \
    --hash=sha256:f074a8e23db78490f11a3930c940be758316c10ac5985be83d2f298dc080acf7 \
    --hash=sha256:f63d43db06b4756424d6d2484737c902e0ae944a0eec3e8b0b4de2c695b15caa \
    --hash=sha256:f99f880ff25f418a67f9a1d00d0ddfbc63430f627b523e515085a592a7567f4b
    # via shap
numpy==2.5.3 \
    --hash=sha256:012e66aca395d795496446e52aeeb5866312a5d4d3f27da270e5a0b43f70dc5c \
    --hash=sha256:09d5a423c71ad5feb5625844ad58050e35df43871004b52ac9c0ad44a56775be \
    --hash=sha256:09ffa5d903faeaa5c4dd05009cf81c8bab9f2cb37c548b8d39b65b4cfa7c97f7 \
    --hash=sha256:0a59a421a32580a009e8a1751345bf829631b990dc1794b80514ab722b435def \
    --hash=sha256:116f96cadd935c6122e9228d676fe7ede19e741f5c8bb1c3cddbe0c51ccebea2 \
    --hash=sha256:1302b90c0e52281681b2975adfe8a860cb7b12216a27b4b0b4207c44bf7bccf0 \
    --hash=sha256:15aa985ac73a8db02db7663381aa109510449d3819d37206caed27b33a65a8a6 \
    --hash=sha256:1aad64d99730d013cfc6debafed22783b4fc5a7f4b8bc744d2d8cf7dcc880551 \
    --hash=sha256:1c80eabb4035ecf4ca9cd49cde8a9fdd69a729e63e6474887d1523ade7aa277f \
    --hash=sha256:1f3ed25271581281f2fccb1adcedfcde4c07362eec69189b50baf6f90e3ae159 \
    --hash=sha256:1fb6f8fb9ff0b3a69f52c66ce397b0246583e9f28616231b0e32ca49259a5fa6 \
    --hash=sha256:214045a5bf00113a146ab9ee9730c44501af6723cdf1f6830932f7b5ef2e7af0 \
    --hash=sha256:26e15e4aecd8617dfbaecb37d223e365d7b39411fba20454be2670a96aa74cb5 \
    --hash=sha256:2c25dfa72943e4336ddb6b0ee4277b47a0c85bede0807530ec68103bf58e2c10 \
    --hash=sha256:2d8240cb4c16fd831074aa2b2cf9fc54664d826341d61c372245b96a74a49a9a \
    --hash=sha256:350ba9783ce969cf9f7ce6e6a9a58e1a6e2a19ca025b7ee448c4db727706212a \
    --hash=sha256:4c8a6d2ebce6305fd82fbefca827775437147052a976ee7c94b36a0c1b52ac6c \
    --hash=sha256:4f8929ee6c96bfbd7b4ed2032e0c03af86fe1826740ab61ddabf9072d06e57ff \
    --hash=sha256:536f963710a4e63934d80ac0dc4f478804a83e9a84b6828018f25d09953ada33 \
    --hash=sha256:54a115e5a73b8fc44f0cebef486365a1894b5c9760685d4558b72b7c3eb846e0 \
    --hash=sha256:595d020938c84e320bcf40ad71089e108eac0d377cd018e14a8c094f39e98d85 \
    --hash=sha256:66a78fe4556c60aceda5916f9eacd638b18e9e681016ec302dcb4682d6d4d034 \
    --hash=sha256:6b05c171afb3aa07adbd20abc00aea86fe375beb0fdb9ef780ec5b7f63bab1c0 \
    --hash=sha256:6cef4bb1706dfec49243c05d921eefb4e190d41e2528b30d8035ea1f36b4c24a \
    --hash=sha256:6f24021b9f22bc6301c37b196974a92c1c18dccedb6fef3dd252e95f2d6adbe4 \
    --hash=sha256:71b39d9f935b6ec0f8753e3e2afb51e3efba6f2e05b68b32a40754d24bcd4a3c \
    --hash=sha256:71cad2b2a7451ab79d8f5e71b453485b6775963d5cf794179144a7463fe6e8ec \
    --hash=sha256:76c2c1e6bfa5c84adc6434dfbf013aa92096a7985221762c8f11fedfd20fff58 \
    --hash=sha256:8617bbfae4486cf99c9f899966699428d19da931d06ca94ad3da986c76e15997 \
    --hash=sha256:86bff898a431c0fb71f7610b75726e75a54d47b37edc9d537f48de63bb3c0b90 \
    --hash=sha256:8e4dd766076855b5ff7ea52fa5f07ce26286726e0f8bff446b7739d02e6ea204 \
    --hash=sha256:92f30e89b8ee0ecf363033576c422b2f58fed6a80bed0aa48dff6d14c654663e \
    --hash=sha256:93e1f5447e2b1e479d7bd74701e84746b86450cff1fc368b132d195e2b8f8211 \
    --hash=sha256:9a37475425b431b4d060f23b4f52cd2f3aef6bc7c654bd760adf0040eec9d435 \
    --hash=sha256:9deb49575e5b0b94ed72c8a64ec4d033381adc27e9060ae842971f697ba96104 \
    --hash=sha256:a5fa86b80fd24bcd1aff83ad23be44ea323de3f787be8f8b15d4a65621e25321 \
    --hash=sha256:a6391fafaba97500887132cd582abc6e19452b1ac775a47caa7b24490e152058 \
    --hash=sha256:a72f874bc9e10e4b8f80426fb49716d5141f64442a0c8418065093ec8017fbb0 \
    --hash=sha256:ac7bb1c52d445bd4f8f7f97fefe6abc3a084dc4d63df50d79b17fa2b78e89297 \
    --hash=sha256:adc1ada2662f8a5f960b8a10d9986897e7499ef07e06d4cfe7197f8cce923c07 \
    --hash=sha256:b00eefbcf0f292945c4b4dec2ae845389ef5bcdcd596e6e4328051db5b5ba694 \
    --hash=sha256:b0521d0f4aebb6e06189451025fa17a913287b13c03d5fe05c017333b654ea5b \
    --hash=sha256:b5d93cf48f687479941d12b69c873ad2cc76bbd487f0091c2200636497f34034 \
    --hash=sha256:b7e18c623bb5c95acb3b3328861272816ba199fb531921c5d6d0b675f1fde9e3 \
    --hash=sha256:bd4cb9ad3c7889b9b3fe0a9a9fb5d2ed26f9879bff2608d9f01aed147a20d231 \
    --hash=sha256:be5a8381859b6da607c84f4f7d6847725f1cf1853ef8a2c9e115b7d58bef47dc \
    --hash=sha256:befa1ae5bd6030b3f512b43ff3fa5290bbed6b84411a44244b14adf835f5b89d \
    --hash=sha256:bf63afbe037eb5d2fe87fbcc7778e61da53ebaf21d938a4515aa73b62532a5d4 \
    --hash=sha256:c00abe94c1a69d75d827dcf1c025b25c8a45d230b3bcd77a9020883a1b047653 \
    --hash=sha256:c2381f82999704f818e2c987a865050e285ec3621262c66d40f5a96c8f899f8e \
    --hash=sha256:c76d5dde9f445058f83d0c02af00557a4db91de9a9a57c0df87d1535001d654b \
    --hash=sha256:cb189f09db39283b26bfd061ec16189e14f71c6755207f72a0f7540867afe5b9 \
    --hash=sha256:ccb32e0525d29e8b0572eb84c9a57af0e7a4e615726927506f55063c62414034 \
    --hash=sha256:ccbc4665079665c3cf3bab4db9f6b095370cd6437d66be549b6c2a1fd19e1958 \
    --hash=sha256:d1c89973648c85069c5046ad460f7b8a00218b29a2e42359ac8cc63e9ab94832 \
    --hash=sha256:df2d5874ff183595a4ba404edd04f6bd9b5505c1d7708573f6a6c17489a67563 \
    --hash=sha256:e01c918ac3d48e18a927cf7b14a26a3e29ff2bdf2eacb976da0aecd6a43ed034 \
    --hash=sha256:e6ab667ba76450084eb64013762c438ea76d9d29cc676dcd6c2e9892ba37f841 \
    --hash=sha256:e931e4f499e0dc7ef29d269a8e5b35dd722e5d14be07df6240166ea7c6532fae \
    --hash=sha256:f54660b0eb6b0b9f36e7fe1cdfdff472028dd0d14acd9b9b65098efbad059469 \
    --hash=sha256:f59a878c33d6b88122d80d239bb3b845d58708750b0cb06a09aebb9b18ec696c \
    --hash=sha256:f7fabeb6cea87d65f3b926de33d03fb016cfdc29314c90974383b5582ae72891 \
    --hash=sha256:f9579f383d1bf9df80081e72760e84960a7fd4f88cf0c9e535a8597c9bb646f5 \
    --hash=sha256:f9a2353b37a1a9e78fd82b27ad7e2a32a2d036604d18f02b05e3136c62ca3b09 \
    --hash=sha256:fc36dc566135b5eceec4cf89758fcb719266a019ef07dae1754ae7c9f617ef3e \
    --hash=sha256:ffdc76bfcae6b255dff75202c5e7feaf95b40246bc0a17944facc1fecf9f79ab
    # via
    #   -c backend/requirements.lock
    #   -r backend/requirements.txt
    #   numba
    #   pandas
    #   scikit-learn
    #   scipy
    #   shap
    #   xgboost-cpu
packaging==26.3 \
    --hash=sha256:94edc256424af38762eb31306eed28beb9f0efc50a8837492c9d6fd6004aed79 \
    --hash=sha256:d7193f7c8e4e93f444fde0262bf90af30e16fa0ad0ad44cb553c87339b23cd1c
    # via shap
pandas==3.0.5 \
    --hash=sha256:08d24fe11a17dc33bd6e937dc9c665f9cba08fbdc9f657f405713515febe300d \
    --hash=sha256:0d298e951f23016ce4699951d044ae6418dbc91bf68cefca0f77666fcbb4e5c6 \
    --hash=sha256:0fac0010c75e4efb6b99e249c183a8993ce0dc95c240f9b120a5e67c727b7928 \
    --hash=sha256:1c10461f6eeb35d8f05b6184c65c8b9991663b66c46b1d559b682cb34ae7c6ea \
    --hash=sha256:25ff585b972a18ef1fe9ffa3ac6544d9950508aa76832e5147640b6022821e49 \
    --hash=sha256:2946e77e4a53cd248cbde631a12f0e51c8324ce354c3eba4d20147c1ad6f4282 \
    --hash=sha256:2a29c53d85ea98c5e792c59ef82ee9fbe6ca902c0d0adb6b23f45ef894cd7bf6 \
    --hash=sha256:2c0cf1dd9b55a22d105fc46c1b489af3bd42264fcba7c66297bf47a9a1d9c78a \
    --hash=sha256:2f264fc46911cc8131a7322a16199bbf8e353d27c10bb211f5bd0c814324dc36 \
    --hash=sha256:303da736987d481074ca720ada325f8bd80c64ebc2d45ed79b29df3aaa4a26ca \
    --hash=sha256:3b2801bbb049d0136f6c213eae02b5fca969384fc2064dd728d8620552aa49da \
    --hash=sha256:3c5015fd1730fbf883647e88068176c839c102cea883ba1769a6f4593bfc1f8c \
    --hash=sha256:3c5ed2e7c06e91d340dfd091d7934f9bc82e4a36b95f647f090b9d1c9ac649da \
    --hash=sha256:4b11c36e218331d0387cbe3a0a5f75162357a1d92d57b2b08a336ff94b19b2be \
    --hash=sha256:5183427f5a8156d480f30333777bc978be93650a49a7c01db26adffe95b31e85 \
    --hash=sha256:53730687fcd161883b24e10411c06d6a4c0f2275d2faf3bb2bc25deb4ba8007c \
    --hash=sha256:66266d3442a5e8b3c90274c2b8b230bee42dd1c286bc822cc2f9f2c7e12b883e \
    --hash=sha256:679f4e85b30ddb1515458ab1e788d3e260eae369b1f78da7a3aa4cac8ebf4a2a \
    --hash=sha256:71ecc8fb7ed1a7aa4392316b5309a6347e8e7f832f38fd897846b3a1457a9298 \
    --hash=sha256:73fa87b08a7ef706f8aafda39ddaccf2a99047bea62d8c88a0361bcafb2237bc \
    --hash=sha256:80a611068e8a3ac23f7398c6c14eb46dc974e5cc9997f653e2dcfd1da74edd41 \
    --hash=sha256:960d3ebcf249f75206899fcd2c6de53f736b7265759ced0d3e559df0b8b709b0 \
    --hash=sha256:9e94c2c5ca43bd3ca32bf64d32308887b65e5f9bfd8023ea52755107a999f93b \
    --hash=sha256:a5ad3b02ed6bc7d7ae9b70804b2c6aa31827489d150f8e623ce82491b82085d7 \
    --hash=sha256:b1261758dfb6cf12c3cff8300e21cefad30e7ec709abb4c24ac7318e6a52462a \
    --hash=sha256:b173f5951ff6b8b0ec7675e20dff3c97b7e7a57dfcce387c2d7c5afe87cb7899 \
    --hash=sha256:b2acb4650527eec6822c3dadb2b771277b65e7dae7a267d4bccf65fd1bb3fbce \
    --hash=sha256:b58b1b39d46a5862e3fb18f50d1a201398619d16a0f9f73f57eea5583cf0e63c \
    --hash=sha256:b86765f268b56f7e665b93bce9d5df69dee7f99e595cf8fb839483ab315942a3 \
    --hash=sha256:c1c05a767fe8e5b4fe9e1c29806829c582052eaedb9120a3da83ba3f69e24a5b \
    --hash=sha256:c2e26bb46934b8a2ca0c3de1d3d606fc5f6746584791b2db264d58cf370e08dc \
    --hash=sha256:c597ecf5616b5c420372c1d4d4c00dbbfba7398bea857dcc984347e1ea48417b \
    --hash=sha256:cce3a9d11d2b1f82c69a27ec1f4948a170e2c403c4bbfa8cca62e3fdebe2ef3a \
    --hash=sha256:cd8f7c6dc98527058ee6264219343f5392240a6f1bfa654fc5d79023020d0c92 \
    --hash=sha256:cf52e1f61d229496da17dc7ab54acdee627357e7008fd4fecba3d0ba2937fa58 \
    --hash=sha256:d373ce03ffd84010ed9839fa73672a9c8256990532e158440c0085db7d914b34 \
    --hash=sha256:db172144bb56422bd157812f3b021eacc255451470b31e2c633c349490a1cfee \
    --hash=sha256:dca3734d6ab7c906e6730f0788b0a1dbb9f2467731f9711f77995c8e9d62d712 \
    --hash=sha256:e2759e890db96dfcffdbd9b86c3c2cb6afaf58def482820317e06163ec1066cd \
    --hash=sha256:e819dd5f62966b481a8cb649d3299ebd886a1ea91ed5a99bf7ce77c98d18ab94 \
    --hash=sha256:ef01af4d8dc6cd2c8d6c7736f149574ef93fe043811eeb5e445f2647154b5040 \
    --hash=sha256:fa290c16964d4963fbfbc358928239cf3bd755b20e988ce944877def2f44471d
    # via shap
pydantic==2.13.5 \
    --hash=sha256:346a034f080da3755d8e9cb5e00e8b07de1d39e4f6e2c87d8ab7cafa0b269a73 \
    --hash=sha256:51a9c5f7b2f8e636f04c6cada605d9b6a3bf1348fdf945a3d8869b19bba0ee08
    # via
    #   -c backend/requirements.lock
    #   -r backend/requirements.txt
    #   fastapi
pydantic-core==2.46.5 \
    --hash=sha256:013d6f3483d81e02e7c328831808f336c8596ee33b4bd4026b9ffb1e960b8942 \
    --hash=sha256:03b9666e41e35d8909852ba191a0607520f81b74eaf12ccf8737005dbb313821 \
    --hash=sha256:045ab3b6d308439e32b81cc173bba5b9018bc6ed896afd0c65b3b009b1699af5 \
    --hash=sha256:0bddb4020d8f04175865ccd17eff3040874fc11fb593f424edb452653b4b947c \
    --hash=sha256:0cdbada856a1c69a7624a64d3d9aefe79300bd6ef827b43a4f265010b9b55184 \
    --hash=sha256:0fc5be0abd4a407e200d844b404e33639a554e7bd0d448e7b9ae181be4789ac2 \
    --hash=sha256:10416c15b8839ecc4ef4d0885da76da6fd0f67333a0eb8aff6d93c4b8f2910fc \
    --hash=sha256:15f4a94963c95accac15b7b657bb177d3ad82bb90b0d0526d9a9b85079925db5 \
    --hash=sha256:18a09e1e1011b462f2e32774f25859ef1223d5c2b0546a633cf56654710721e0 \
    --hash=sha256:193375f3548919d3f0b60936ca113ada3e38f264f91b9b8e0508efaad57be931 \
    --hash=sha256:1a353f84de772f423b5ffb11d7ae352fbbef0f446f3c0b0af0f8236d7233606e \
    --hash=sha256:1e449def1945a462c464331254e5a44fca7c3b4f9aedf59ec2f50f8066dd8e25 \
    --hash=sha256:1e5aad1220a1192c42341c8fd4a8686657e73ab2a920c970bdc4de334fe3193d \
    --hash=sha256:200aa3dc9f8d54f0754f43247c0bad0999fdcfbfd2488384dd44f37279271fe6 \
    --hash=sha256:2471fd51c61c610e1dcf7de44d7299283661654d11264ab4802b303368d69c47 \
    --hash=sha256:24922243639cbdac66c75fcb6fd6495a9cb52b213d62f9a0d16f0310b1ff8038 \
    --hash=sha256:28a6a556cd3b6066bea827857f9d9cce027c96f776e512f544a581f9e42161f8 \
    --hash=sha256:2bc9419666990c06d7397831f2126a1ecc3594aaa3ff7de5bf2d066802f4e07b \
    --hash=sha256:2cbd9a5eff05e51c447c34dfa4632145b26b09120cf04bd0c871e44c1a5e1c9a \
    --hash=sha256:2d330aaba8621b1edcec8ae2c4050f63b84ccf6d98723a8f212e9684713abf0e \
    --hash=sha256:2d5d76654becf5efd62c9e51c3756c67b49498b0c9a40884934c40807adbd074 \
    --hash=sha256:337639ba62a11acde6ef3aeb08c8ea755f8ef1fe5e513356c0f36a2b0d7568b0 \
    --hash=sha256:347ec774390c87326a2e4929d58d3f7e8763a104d5d35f4cd595a4c952366433 \
    --hash=sha256:356c8368cbc321050b169595683a2e1d63413b1e0e2868b330af9fc14c616d3f \
    --hash=sha256:37ae34309d7bd8c0d61ab839668058f2a7962ea1fc51d105d2db228fe0618034 \
    --hash=sha256:37ea7b83c935e5b0d68c9449b82651accf78a10828b2c02b2f2d9e9496446c21 \
    --hash=sha256:3a3e26b6a8274211bddee2d0e4d0d42778f17a34510f49d2ec44b58abfc41736 \
    --hash=sha256:3aa166e99c4f2985407fb8714aebede877ecb5455cf321b606adca926d30d5a0 \
    --hash=sha256:3d2652072b2d774947ba5cf78a9e59644ac62ee572daf6dd2e1dfe905e15b2b7 \
    --hash=sha256:40375c2d05acec10323e45dfe2077ac44bc74659008614af5069034e2cfc781c \
    --hash=sha256:413a717a410d0c817ef5b786a059415550b3794e1d0c2abffd9efb93a3d9f7b4 \
    --hash=sha256:46c25dda9d092a06c08db76ffe0a197107904d0dfac653f7d5306bbcd6d6119c \
    --hash=sha256:49776eab08766a08dfff7012f8b422dcd7e25e43b316eedf0477c24fcfa84b7c \
    --hash=sha256:4d44cf99ddebf875f9b68cc267aa684c99b7b44fe63ee1cac4ec163807290069 \
    --hash=sha256:4dedce55295becb61921e386b99d4f2706045306e7fa52249a33004c837379fb \
    --hash=sha256:4f8507560a9284e1370bb048ed4282012fbef4e8d109875b95e884d228552061 \
    --hash=sha256:4fdc8b93a41521988916eeaa271173fcca7fa0803d62f87675aac8dcec1c8e29 \
    --hash=sha256:5086029a57366b8cf81b130a43908738095c270c21a8d7f0e8bdfdb89718e2f3 \
    --hash=sha256:52e24eacdb536cade636aa90fb851835222becff8484b7001fdc78cb0290f2aa \
    --hash=sha256:53feb344243bb9510a9dec7bf3cf1b64d88a98af5dc7872a5160465f8b198c8e \
    --hash=sha256:545f26c504b27c3758439a5e6d9349931f0a04f855668d5fe323c89e82300a38 \
    --hash=sha256:54d510bac3ee52247af28ed4bb18a1e799f040ac60fd2bf5ccd4c92f1fbe786f \
    --hash=sha256:5cb482e9e84c851f4e623fe4acc1ced89168cf1fe18f7089db4548c8f5bbb65b \
    --hash=sha256:5e81740c09e310f5aa5cbd3e434a01c154d4bef93241c7877b39f211d2b78ba8 \
    --hash=sha256:5ee239d575f80b08eca11f6e20f90c4c695de7825c67eefe6091fbf20dda648e \
    --hash=sha256:5f194189415698233dd1114a093a9b56e61e2c57e11b469be3b0506f46f0771c \
    --hash=sha256:5f93c5fe914d75fbec9a49209b00da5f08e9e467d69da2b1510c81940cfd10be \
    --hash=sha256:657b40d6240c0a7b6a64b30f22d1e3aa631c7e846c621b0c0f6d1d75e2e15ea6 \
    --hash=sha256:6d30e1a4f138b8951063e9a394752a9179b51da288ffa507b1e659222f4c1793 \
    --hash=sha256:6f7b393a8b3da82f5c1fc0751e6d01ac6c55b93c18226a60bdfba4a724efafd1 \
    --hash=sha256:701b2e04b560eeb4bddf7a25ab8ca476176e34fdbd9a0e18196f0d12d4685f0b \
    --hash=sha256:771cf63ae0b1b50dd22e5f3e3549fab5f3f4ff1635d352a9e1a97fe01c7b2e64 \
    --hash=sha256:79bdfa52f843137045b2d081cc05c120ba6665d29b7559c2c47690906f39279f \
    --hash=sha256:7ac031912d54f3d83ef3b3eb98dfabc1608802e2202263d25957eeed40b94761 \
    --hash=sha256:7b0fc826b16c55e561e5d2a0c5c77b051ba1d92808118c4e4b5390f5e0cf191d \
    --hash=sha256:7c6be839a5a8312626b32029a415644a0846b420bc8b52b95b28cd92da162168 \
    --hash=sha256:816ff0a6550ffc06c098ccd2e0698600f9aa7da192a79eaa6f9af504a35db869 \
    --hash=sha256:82a36973cf8a2ef5406f4fe2edbf8ed0c99629535d959e0b100c76a32535a111 \
    --hash=sha256:837b396ca3d7b74091ca623f6cbd8351bd42d670a79c2683e79fb089f06a2de5 \
    --hash=sha256:850a08d167dde16db8702c274f320c7be9d7da6f6dff2b58b18f9e815bd94f5b \
    --hash=sha256:8816f3d218beb4b787de5c9759c259b8fa61f9dec42dc7811f320a33771778b7 \
    --hash=sha256:892a881d5f68c2b9ea304b7a6c2c60d9343df578a311b0f86b94bc8f1ffe8129 \
    --hash=sha256:895395f8918627b04efb1ad2a4cf605387143300ba03304cd1dfa6d03f5e095e \
    --hash=sha256:8b10e3e8fd7ddc2bd915848a2768e44c15b22936f1cc54c462ad1164deb02655 \
    --hash=sha256:8e24d8f05fa2d28513d94e877e9c75ad66175376209b3977f916e240e623193c \
    --hash=sha256:8feeac04b5794e513e710af2f9c87d49f31a6dc47967bb264a1fed61a8989bec \
    --hash=sha256:9432f3598db432cb51c5b37fdbf29a60fcccc79e30d37a05022776a6bc4ab689 \
    --hash=sha256:976e1128455aa595ea04c79ccfedff1aaeab96ee013fcc916bed120c4f0ad94f \
    --hash=sha256:978e7b97d4824b5be09c69fb70507cbde3b0323fc147332ca40a94d9a6a0ebbf \
    --hash=sha256:97bf8de4d541598c94a59344eeb988a94c08ff76b5723c41f6567ec18c7892ea \
    --hash=sha256:97cf3eb53a8cccacf9d46686a0926186c9bfb5574f2ed66d3639d5fe117cd3a9 \
    --hash=sha256:9b68938dd5b0c783d88ff8e2dcc69451b5eb936fe212d516b21b9d5567f6d464 \
    --hash=sha256:9c4b71f10dd532fb7a5cbc8f58707779e64f03a258c2bf8bfbaecfcd9970b519 \
    --hash=sha256:9f47b8a949e60f027f0aa0a6f6c7b7e9c55cbf4380d10b344e282fa4e7ab1e1b \
    --hash=sha256:a1dee1b804ff4d11c663636cf15d2ea47e9f79cd56c033fb1cbf08924842a48f \
    --hash=sha256:a2468d93d181667a7abd66e1b64bb9f76f361b0fef8faddf687456453576f5ee \
    --hash=sha256:a2a5e1d0ff29adddc9f6d6821a66302e4493f8ca898b715b6b1182c2c201ea0a \
    --hash=sha256:a39ac25a9a2fa4072efdb429833c4a4c8009a51ff9eea3eeae131713cd27991e \
    --hash=sha256:a445486499897b88a7d6c310c88ed64dd37b1b59bfd7ae9107490bbb362f47d6 \
    --hash=sha256:a91c17edf6eea2402cb5457b4c89e99bc5ed1004aa34c4adf1d4258c1a5c22c2 \
    --hash=sha256:ab4b66edffb32d9e951efb3814bd104b8367a7501b81b955cacb5726d897389f \
    --hash=sha256:aca6c767f552b21b10f774aeac128e828eafb796adfa1b666a18bf6321453c3a \
    --hash=sha256:acf8a67ba51f4ca9ddbd0e6b3000a65ac51ab734661778b3e7ba64d99a710f2f \
    --hash=sha256:b10ec717381bdbfafef34607824db4c91de69ff085e4fca3b2af91b4fa17e68a \
    --hash=sha256:b49924c73a235e969511bf2aabdff3beebf9820931f646c80274d5d780010c47 \
    --hash=sha256:b6acfb46a814762367fb7ba0828b0a17d441b92ce249a0e007474c9072662dda \
    --hash=sha256:b7ca9034437b6022f941f4857459562ee00a560b97e7cce8a0ec5a74fc6766e0 \
    --hash=sha256:b98134087d9de723658d17a42c7d0da8d6e2ef08015dee7dc93889047315f5e4 \
    --hash=sha256:b9fe6fb92520e3fd61f2e49000b6911b188824f089b75973ea06d6267f0b476d \
    --hash=sha256:bce57638e08ac148e5778cce7feb968307a727d66f8e2274a543d0cf0c9ad6a3 \
    --hash=sha256:c14ad3bdc85ee7f318742c457ca3968a92126d144b15721c759033bfb06296c2 \
    --hash=sha256:c1c43ad4339643d70ebb8124e1305a7dab423001eff58bb41a0f731adbc98355 \
    --hash=sha256:c3471e5c4a949c26ec00a77f01df59096aa9495877de76fd60a980f8ee6be461 \
    --hash=sha256:c583b927a8838dab890706a6fa7573fbb8b70e24000ef9f7238e2d6f6435a5ed \
    --hash=sha256:c76fe65e607be28c7fd4d56fc3c42b1583aa058ce3408b7ad0fd540171d31f9f \
    --hash=sha256:c7ea57fc63aa7da93a1bd2d644e6577befae10c52c4e36377635eea1056a74f5 \
    --hash=sha256:cd5214352ae68f3b5e9af7768bdc5253695ee069675db3480518420b3be881f2 \
    --hash=sha256:cdbb78909f52b981d3b2d56b97328d71eb0b974c36bd77c920123a7ebb192829 \
    --hash=sha256:cdc8b74ecc48c0cb1e9607a05ec4e9e88db60a19ffcc9a1d5f9088ede40c8dc0 \
    --hash=sha256:d0a24b40877af2de4950252be9d21eaf7fb07660f3c2cae1f56c6b599ada5266 \
    --hash=sha256:d22a945598fb91236b4dd793a6e42e4f3dd7740bb5aace5ebd7d4c08d13bb575 \
    --hash=sha256:d2f9fc07a8042a8f95925b35c4f04f469707c981fc33245b6ca187cf5d2dd290 \
    --hash=sha256:d625a186a65201c23a9e3b8ed9c47e90a026e03256608cc91851c6709096844f \
    --hash=sha256:d925f3d9afd05a8c0fb3a1031463a8d59ebe5e2afad297e29c78be19e13b4e62 \
    --hash=sha256:e64e88d5585bea9ce95861079de72006c7fa6d3df4e3a3b65ba31eb979c15c9f \
    --hash=sha256:e652ab17569c94bff5475520f907b7148b8c24036a8ebbe5cf7cf7493d28579a \
    --hash=sha256:e7b891faeedeafba41b2983e5001a81b6a915b69544c7e7570d1989ce1c36ac7 \
    --hash=sha256:e80675d75ae2cd14372cb65cad5400d9347a3d3f6c13000183f22dfd027283ed \
    --hash=sha256:e9c134bb666dd54b778b9fc0d2b50cbb7f979b9e3716f26a88c9ab3b6fc1dd0f \
    --hash=sha256:eb7d8d0e5886a89a55d2eef490e272fa965a9d57c6b29a5b5088a7997ec2cad1 \
    --hash=sha256:ecb42011e12ee19cafbc312887cbf3546959fe02fbad44f272d4be5baa997615 \
    --hash=sha256:ef3fbbf161dc9351a2fe0422e51b129f9e97e42385bd0320b309c15f7d287dd8 \
    --hash=sha256:efd62a42486f1bda5d24cb4f63d15a3c7768375fe83d36f9417b4ad7a2fb20b3 \
    --hash=sha256:f077d0b97ab11fa7dcc633fca53515f290bca8a8a633e966d5b6d1879d9ed01a \
    --hash=sha256:f332f0e72a5a0400141f830744e141bf9f97917878dbe968669e8a7fefea78ff \
    --hash=sha256:f7b0ec93a2893de856652154d73b7ba622f26fa97726487dcac373de5f4c6084 \
    --hash=sha256:fa10ef4112775900e7a0661068635eb67b2ab824fbde764de6e0e21982a93db0 \
    --hash=sha256:fc5d783bd4a2387e97b8a2d5ec781cfb92b3d893bf82370548e99db5915935d3 \
    --hash=sha256:fc8515076c11f3cfdf4fb142dcca0fe384b1230a3b5415458ac84f3e0903ec13 \
    --hash=sha256:ff218293c9c806138dca139765e3b067621be52bcd93cdc14c7711be7ddc90a9
    # via
    #   -c backend/requirements.lock
    #   pydantic
python-dateutil==2.9.0.post0 \
    --hash=sha256:37dd54208da7e1cd875388217d5e00ebd4179249f90fb72437e91a35459a0ad3 \
    --hash=sha256:a8b2bc7bffae282281c8140a97d3aa9c14da0b136dfe83f850eea9a5f7470427
    # via pandas
scikit-learn==1.9.1 \
    --hash=sha256:09f4d73049cd63575157f6b1060e06a8c83a4bd3488dbfaeedf35ccba7aad712 \
    --hash=sha256:0c0f8b5d09b44101cea2767f300680bada1ea27f976fe4b48b83950a4f55a49a \
    --hash=sha256:2070f271e5375dc42c6bb93b461ab1c0aa5841d4009267e0cfd95a39dca94a43 \
    --hash=sha256:220fa18152852a5ce29c49e1eaba9d44ec44631cd2e5cf65f5a40eafa5ab3412 \
    --hash=sha256:2c2b312fd8c02951a364fa120ea08c1cec10d863466bf1701b013152d7537835 \
    --hash=sha256:326c188f92084bf58664229f4578eeab6176313b37cd5dfc85abd92b94130c58 \
    --hash=sha256:38cd925e893e5539be704d5edc64dbe081aacdab6b89d8c2977c1f6a7a453ce5 \
    --hash=sha256:4298fcc01b3d8fa9768d36894e99cce0747b3b2dd73bfd80779e393769d0afab \
    --hash=sha256:48fefd8eb42bd4eec3e2d348149368ccd6d71987e20c30706a56a24eb86a6e73 \
    --hash=sha256:4b59abb30618121cc46b45972d6bf53a7128b4df4cd346c6ca6f4d5f9031e49c \
    --hash=sha256:52a0703bbc07ad27f560fa63fa68e4c54dd735bfbbf65b4dd3c225dc7547b6df \
    --hash=sha256:52cfdb1fed3a34362dbc0bd96f2e761a66fd5724d6901629f5a558f1f3bd9849 \
    --hash=sha256:55e79d6e9b0923f1a978179822bd43d7f5543f45e970a00fe861f43486380aba \
    --hash=sha256:5990f9c69e431bfaddcde1a6d7c5355243e026bc9b9e560c13893b90dab53fb4 \
    --hash=sha256:613f0a783ca05aa844a4e1ac42d48425058f2c52be73f40f8cd98b7cd111acd6 \
    --hash=sha256:61cd968ab831a76d0ecbaf0347ab2270268716da28f94fd022497e3d6f205f13 \
    --hash=sha256:629cada3e33e2b9bf376cdc7614a47a4140b8aedc1d836579e359736fbd82977 \
    --hash=sha256:66f852f7325b5070bc28329005aca76055a2def78faac039548ae889aeaa45a6 \
    --hash=sha256:6754b7cabfc3df0b1f7b38f7a344f559bbae9d82f0ac5e3d48cccbd19fdcefdf \
    --hash=sha256:748bcb0a4cc04aec470652c9e5ec68450948e867387e7dfade647107ade68d25 \
    --hash=sha256:7b5cad1624de8b75e5b9ccb7b0ce1ff1d01306340a3efc56d5529c5ba92392eb \
    --hash=sha256:800dd22dd87fe97dcea484c24e85dd93cf1734d86bd74e668ad18f7967f4d1b5 \
    --hash=sha256:8218cb8938d3031e0d23842838425490c229ecf3e99f666776e09d12ed902352 \
    --hash=sha256:8893bc6331f60f18d4ac75e12ed356e2dcf6a564bf767918b5b7ca54c8c8be49 \
    --hash=sha256:8c14ce41d561f7749f990b41d6703fe02c4669fbc485e598e069e0a1967b488e \
    --hash=sha256:8ca869d0080a5723cde2d5a8b54a2da1ff7e68735a9e9adb3da1243183a0fa01 \
    --hash=sha256:8dec64f31a6e0ec826aca6c1b39a51e16d946e400d4c0904316f3ca72ccfb825 \
    --hash=sha256:90de6573f733a9fb79476ff1371af52a397d41c8b35f9146e20923db010d67b6 \
    --hash=sha256:993d332ff80e62efae9e39603b7e872297c418d780f01a01855269a3489c950f \
    --hash=sha256:ae6571a4828c6f5019bcd2b4125e5b18c0af3dbc9c99726c891f45f41335ec8e \
    --hash=sha256:b01e5b01735d38474127ca3f49319b592506225a87793b27559816b5c75cea39 \
    --hash=sha256:b3da53831534214322d9cb240fa6f390b36cf69eba727a6d4bd3238677630d70 \
    --hash=sha256:b48b2b5b41d9c5fbafef5f37b042f61110df3318ad2a45baf57287ea5b9ba5a2 \
    --hash=sha256:b5492cf2df5226691c32611de8734bcf42148c6547ae53c7f4e6b847793addc0 \
    --hash=sha256:ca9051447455dae341d4d591eece7deb2d8e3d1020298fc87a81fc51e4da8f53 \
    --hash=sha256:caae15634feceafa2612566b109a3082d3293167fac388eedaf77bff66b51983 \
    --hash=sha256:d137ce8a6142029fb5c35bd82f470c40cd9e760e5e2f7694b362c497c4ab3fa2 \
    --hash=sha256:d5945a2908be62350e2978344e62b56c1552c2ca4f844ebf6277c94944d647dd \
    --hash=sha256:d5d117952769b563067656784e03c75a2d8235a7a05cf7fffa78a311e75aac08 \
    --hash=sha256:e1b468241f4a7a9a7a0d6479ad3cc47681cc151a4046c530f2777c3d68f08942 \
    --hash=sha256:e4c20a6c017d820faa7ac8c783e3d0c6a9a2e297bf9f55332ca17cdf7fd4d04d \
    --hash=sha256:e5d7b18a5b9dca241a74695f3275fa4c895a9dadc72b3d8df5fa9d1083c9b83e \
    --hash=sha256:ffbcbbbb44202fbe9bc64bced25a145759adb9ef010b3d37a8064958ac13df2a
    # via
    #   -c backend/requirements.lock
    #   -r backend/requirements.txt
    #   shap
scipy==1.18.1 \
    --hash=sha256:011413b7426b75012840e35649e00fe0a2c3bae89fed433876e3a99251572efc \
    --hash=sha256:0ac49ea97594532dd44b7136094d35f5440fa06e6d9c6384a74c01764df388c5 \
    --hash=sha256:0e82073ecc7acc6436fac4b31674109c7e1d3e596789767eda01258a8c9e8123 \
    --hash=sha256:0fcb3c93519f27bb4f0c4b0f7802cdcaca7fcf93267b75edda2e9f4e8a55cbd7 \
    --hash=sha256:10ac20c69d880f77f375db44c22e3e6a644f9fefa291d4cd2fb9790a89fc99fd \
    --hash=sha256:11c423f1049c5755ad4409af52a9ada1cff96fe9b50795d4af3619f292901239 \
    --hash=sha256:179ce34a8d0fe273d8883ba59e17e052247d08973dfcb743ca52bb1cce2d60b0 \
    --hash=sha256:1bca3b943fc2567ea49cd02c99abde49da4d5178ec46f624bd8255cda8755beb \
    --hash=sha256:1d73131e358976663dd969e1fb4ed1404b815cd977eaaedc3b3a133ba2d81c35 \
    --hash=sha256:2a0b02f9fc46f8520330c23d45e6560db7e3a0d927232139427637f98943e11d \
    --hash=sha256:2d3ab0e8c69a17dd3559eab8cbb88f258e285c94d572c2719033f90f83290c89 \
    --hash=sha256:30f464bee641fa8e282577c7dce027308403213c6ca8270bba73285c91024bc5 \
    --hash=sha256:33a834464fdabc0f26a45508df31b3cc5d028e04dbf6c5ed398541418e0a12fe \
    --hash=sha256:3ab3523da44749156e1f68b464dc56af11ae4cbc5c739a49d05f32b982eca9f3 \
    --hash=sha256:3c085faa2cfa879c5141df483f836f4d691045a078224a670fa570fa01612d89 \
    --hash=sha256:457fd7a2a8edeb044ab6ffbc0aa03ff6cd18491356e5e0c834d76ce621b916d1 \
    --hash=sha256:49023963c193dacee096301452f223ee24d86ec5807f8df93c0f7221d119e305 \
    --hash=sha256:52c4b7422442aba924d03ad4019852b08a92e64ea187b933135687bfe2747307 \
    --hash=sha256:559ed65f60c1af5a03f3912605a1b5114f522c7c32fb23c3376ae8f03219fe28 \
    --hash=sha256:5632e3ae3d09197c446310cd5187de63e28448ce22f0f67b2b93d97503c0c230 \
    --hash=sha256:5e4d44984abc0020154ea81b247adeddcc3ac5527b975ff798bd1ba0adc513c2 \
    --hash=sha256:75b00eb8fb802090aa903f4ea1c7f5a584779f967361e68b7e98e531cc2d7174 \
    --hash=sha256:78a0d7c918e74a232394117160e7e3db503377572a45bcef8826e4ab8a35feba \
    --hash=sha256:78c0665edead396b1abb4897c41a5c1d9bf090c8a637a4c20a61678e0a264e66 \
    --hash=sha256:7bbf207c4453ce1ad2e00b17313852b33310b83090c2311bdaf97f93c0380d12 \
    --hash=sha256:7f4b8bc363b6d65ee2152bec57568e3c52639bb34c46057b09857a307ed5e21d \
    --hash=sha256:82f201b4c878551d48558337aab270d3c6cca5507b8737c8d8a608d234cccde0 \
    --hash=sha256:83de5453a7799afc9048b4616bd085cef126e36412f0ea2f6370c36a2a3a51e7 \
    --hash=sha256:88f0e784020649f88ea48c9f5ddfa403bf9205820667c0914740b392035afb82 \
    --hash=sha256:8bcf3c1ba5d6456e2effd30fcbd3459b044d683fcdac79a2e6830f0bdf7de487 \
    --hash=sha256:911de823097db8b63f034299d12662db93344e6ffa0b881cbb57748974b70168 \
    --hash=sha256:92c14f5bdbfb6216315ce33e78080474082de8b3830122ba97809bfbe65f75c0 \
    --hash=sha256:95298364e251be3e60249facbeeca03631d3bb7584f85879516ec55ac717b81f \
    --hash=sha256:9554bcc6d715ee87a633a3cc8e7703c6628b100dd29cb8a2efc4c0533c7ff729 \
    --hash=sha256:9f2897bf7737392ad0d5213ea7b6add72a4edf5679b3153106aeb88b6507b3b9 \
    --hash=sha256:a1d33a7836f7ddc1993427966a0823468ec41bcbdb1a9f9942d1d7e57f803ba3 \
    --hash=sha256:ac0333bdf38309aa3dcbe7e3fa7ea29e7a2c37c6ea306a757b700ded8e4596ad \
    --hash=sha256:bff0b729edd992766136b34e39cc76bc2fad905aa58897ee72a9cd000a6d8443 \
    --hash=sha256:c24acac1e18912761c4700239bbc1fd32f615af690f1584d49b35859be51324d \
    --hash=sha256:c35d74ce0e193ff740c2f2be2ac913ddc232fe6c1ff40b26cfecb9c670c63314 \
    --hash=sha256:c825cef2f49e46753726a7181a8e199804a912b29519ada542c6ebc654951899 \
    --hash=sha256:c9d18a33309122074ea483dd92dd444189166b8b2ec429fe9ed5ac73c7a0aa23 \
    --hash=sha256:cbf38d043c1aa4ab306e1ada6ab6eddacc3322a20b7af1b30bc93254b366fe09 \
    --hash=sha256:cd479fc04dd9401e3b4f49e76518768ef99c4f517a98c284eb091fd725719adf \
    --hash=sha256:ceb30a00ce7c92d459819443d29ca486d882b83fb6738bdcbb2a1cce94ac5daa \
    --hash=sha256:cfbf154f2ba187f2ed6cce2639efff7d105f1140573642c0161615b6d91d6a87 \
    --hash=sha256:d2924a03db38dc2e848bca2fe9f077dafb891480b91a00a0963a8cf86dfc31c1 \
    --hash=sha256:d416b16cccfd70fbf62400e84d0bb2f4e6af519a45557f1692c749b37f14b315 \
    --hash=sha256:d65d448389b8436493abcf629cc94ad0cf32aecaf06e1acca1de53cc795f2f12 \
    --hash=sha256:d84a09d0dad90ba6525d8ac1c2334b33e64bf3ccfe9e841f02feb867a22681e4 \
    --hash=sha256:ddef79fb382df40104a19bb7151b3b23e57c1778fcf857c71ceecd9bd264513f \
    --hash=sha256:e3b417bf8c2c7c16e8f58ad91db17783ec911ac16e7b50eb6eab6e809b4f5b07 \
    --hash=sha256:e402cf31eb68f453dbb2d36fc6d722b33f24a55d68b2ae1d92fa6305ca71c298 \
    --hash=sha256:e6fb6a55cc0ba97b59a1f288fb86dc6fce8bdfc0fffcbfd015e3a954bf2a2d93 \
    --hash=sha256:e708533e8b2ae2497d65346538a7dcc92814410b25b81432eac66de0f2af8265 \
    --hash=sha256:ea324d9dd34c38bfb9bec8ca4d1b407db97dbb74029f566b8e322b1b6fe56fe6 \
    --hash=sha256:eb0dfcf4e28a99c12c999744a2ff67c9b06200e20401c7c88186e33552a46331 \
    --hash=sha256:eda632a7981f69730d6281f451db9c1c370993a2c0d7ddb43e2a809a2862b83a \
    --hash=sha256:f29633129f9fa7e88a3f0fca835de2d030bfc9643f7799e1a0c46cee24d38fc7 \
    --hash=sha256:f55fa87b6c612ecd6b058f167c53231b1d14e412efe361d3d6e38b3631c73218 \
    --hash=sha256:fdaf5ea890a6183d0565f51a61799d67081bd5b1cf03c5f4b3fd3732108625c9
    # via
    #   -c backend/requirements.lock
    #   scikit-learn
    #   shap
    #   xgboost-cpu
shap==0.52.0 \
    --hash=sha256:07d44ace491ca6204dac6ce4fda128bcaeff27553a279bca67c55a14987cc957 \
    --hash=sha256:09fca6cc9d8d4b9921bf6b56d381a5df0e26cb1b3cd572b2b2f6e48cf9c5d4ad \
    --hash=sha256:20b3d09fdff3e94e418abec1f6033522189e4ca554f1014a2b320f80b5454ad2 \
    --hash=sha256:2828d18366db812599a5d8340ce93fed9c95d97337d90568597b2e96d01ce516 \
    --hash=sha256:334cdc36a925db2242875f69267b88eb6108ec47a6c259f4f87a6b022b6188dc \
    --hash=sha256:514140e2b89f8d4600637cdff8242ac194b96f8ef820b06ab6584d105c1f9b68 \
    --hash=sha256:59b201ef00ce38359997eb9363ff561c89a98461bd81d9fdae8b5350a176eee5 \
    --hash=sha256:61e431aed9de5f2deae1b7847b00edd739b8d85df9c4d04b137230d20dbbd4d3 \
    --hash=sha256:6b843d61e18ad4659584e004a4e681fff0648d4cf371830e3019709722190467 \
    --hash=sha256:81d4ae478f67f8122de1bb411dc4e3ddff0604cbc27dc9cb8ea66d5c73462fd2 \
    --hash=sha256:9a1116361c01fc5a045cf34681673f6c79100e2e648a6fbde7da084d18193d2e \
    --hash=sha256:fb34bf01572048213d60d75d9329c62112d77a5190c18c05f572044dda8e0d83
    # via -r backend/requirements.txt
six==1.17.0 \
    --hash=sha256:4721f391ed90541fddacab5acf947aa0d3dc7d27b2e1e8eda2be8970586c3274 \
    --hash=sha256:ff70335d468e7eb6ec65b95b99d3a2836546063f63acc5171de367e834932a81
    # via python-dateutil
slicer==0.0.8 \
    --hash=sha256:2e7553af73f0c0c2d355f4afcc3ecf97c6f2156fcf4593955c3f56cf6c4d6eb7 \
    --hash=sha256:6c206258543aecd010d497dc2eca9d2805860a0b3758673903456b7df7934dc3
    # via shap
starlette==1.6.0 \
    --hash=sha256:a86dd39d14bb45f85a3d18525215a9ef0cfd1f192ac793220e72598c90335f0c \
    --hash=sha256:d4e3ac5e546444960c710297a3c9fc3f7ebae1b7e963f3d36173b49da535be9b
    # via
    #   -c backend/requirements.lock
    #   fastapi
threadpoolctl==3.6.0 \
    --hash=sha256:43a0b8fd5a2928500110039e43a5eed8480b918967083ea48dc3ab9f13c4a7fb \
    --hash=sha256:8ab8b4aa3491d812b623328249fab5302a68d2d71745c8a4c719a2fcaba9f44e
    # via
    #   -c backend/requirements.lock
    #   scikit-learn
tqdm==4.70.1 \
    --hash=sha256:c293e525e6fef9c20e8728fd4612df02a0aa31bb5fe91ecd93e123b1b7bffa73 \
    --hash=sha256:cefd0eca11b2a37a3aee776544d4f4ae913f02688135b5556b8788dfa474afc4
    # via shap
typing-extensions==4.16.0 \
    --hash=sha256:481caa481374e813c1b176ada14e97f1f67a4539ce9cfeb3f350d78d6370c2e8 \
    --hash=sha256:dc983d19a509c94dba722ee6abd33940f7c05a89e243c47e907eb4db6f1a43e5
    # via
    #   -c backend/requirements.lock
    #   anyio
    #   fastapi
    #   pydantic
    #   pydantic-core
    #   typing-inspection
typing-inspection==0.4.4 \
    --hash=sha256:547274fa6b0a561ccf549cc9524b999a578e737d015d8709d021f9d0d13bea47 \
    --hash=sha256:65b8397ba37ccbce054456aaccddfc91e6e3083c92824df348d96ca832f3f147
    # via
    #   -c backend/requirements.lock
    #   fastapi
    #   pydantic
uvicorn==0.52.4 \
    --hash=sha256:73acfee47a0b133c5de13d219492d62d8a31e935f4fe6e41a232451a15379f86 \
    --hash=sha256:f86e41a149d7d05a9969337e3946a9c171c06a5d42680896daaba624aeac8da1
    # via
    #   -c backend/requirements.lock
    #   -r backend/requirements.txt
xgboost-cpu==3.4.1 \
    --hash=sha256:1f16331f5c6beb2b40fbd4bf2834333062d93c9eb38b76186a5c206841dc1809 \
    --hash=sha256:24347f435ba6e9919c9102684f8b353bf43d9951184ef0e71b148673ed14306d \
    --hash=sha256:47b81860b18056f9425b34fe2905343bc7ee0118122ae09cf2e31c305ed49877 \
    --hash=sha256:ceb0f7c786511e1876df6ca83a6f837a3187159bde51d8dcc5cdf5e2de76e366 \
    --hash=sha256:ee0b249eaa962837cdc4e67adfec54567bfe7386337f3c3a3ce5d68909492e81
    # via
    #   -c backend/requirements.lock
    #   -r backend/requirements.txt
